{
  "name": "ZXTRentN",
  "lockfileVersion": 3,
  "requires": true,
  "packages": {
    "": {
      "dependencies": {
        "@googlemaps/js-api-loader": "^1.16.8",
        "url-search-params-polyfill": "^8.2.5"
      }
    },
    "node_modules/@googlemaps/js-api-loader": {
      "version": "1.16.8",
      "resolved": "https://registry.npmjs.org/@googlemaps/js-api-loader/-/js-api-loader-1.16.8.tgz",
      "integrity": "sha512-CROqqwfKotdO6EBjZO/gQGVTbeDps5V7Mt9+8+5Q+jTg5CRMi3Ii/L9PmV3USROrt2uWxtGzJHORmByxyo9pSQ=="
    },
    "node_modules/url-search-params-polyfill": {
      "version": "8.2.5",
      "resolved": "https://registry.npmjs.org/url-search-params-polyfill/-/url-search-params-polyfill-8.2.5.tgz",
      "integrity": "sha512-FOEojW4XReTmtZOB7xqSHmJZhrNTmClhBriwLTmle4iA7bwuCo6ldSfbtsFSb8bTf3E0a3XpfonAdaur9vqq8A==",
      "license": "MIT"
    }
  }
}
